
Microsoft Visual Studio Solution File, Format Version 12.00
# Visual Studio Version 16
VisualStudioVersion = 16.0.30114.105
MinimumVisualStudioVersion = 10.0.40219.1
Project("{9A19103F-16F7-4668-BE54-9A1E7A4F7556}") = "kukin", "kukin\kukin.csproj", "{2E3458B5-1AF9-491B-9094-AE9AB7B846DF}"
EndProject
Project("{FAE04EC0-301F-11D3-BF4B-00C04F79EFBC}") = "kukin.Tests", "kukin.Tests\kukin.Tests.csproj", "{56DAC69B-037F-4D8E-9D44-94835DB8735A}"
EndProject
Global
	GlobalSection(SolutionConfigurationPlatforms) = preSolution
		Debug|Any CPU = Debug|Any CPU
		Release|Any CPU = Release|Any CPU
	EndGlobalSection
	GlobalSection(ProjectConfigurationPlatforms) = postSolution
		{2E3458B5-1AF9-491B-9094-AE9AB7B846DF}.Debug|Any CPU.ActiveCfg = Debug|Any CPU
		{2E3458B5-1AF9-491B-9094-AE9AB7B846DF}.Debug|Any CPU.Build.0 = Debug|Any CPU
		{2E3458B5-1AF9-491B-9094-AE9AB7B846DF}.Release|Any CPU.ActiveCfg = Release|Any CPU
		{2E3458B5-1AF9-491B-9094-AE9AB7B846DF}.Release|Any CPU.Build.0 = Release|Any CPU
		{56DAC69B-037F-4D8E-9D44-94835DB8735A}.Debug|Any CPU.ActiveCfg = Debug|Any CPU
		{56DAC69B-037F-4D8E-9D44-94835DB8735A}.Debug|Any CPU.Build.0 = Debug|Any CPU
		{56DAC69B-037F-4D8E-9D44-94835DB8735A}.Release|Any CPU.ActiveCfg = Release|Any CPU
		{56DAC69B-037F-4D8E-9D44-94835DB8735A}.Release|Any CPU.Build.0 = Release|Any CPU
	EndGlobalSection
	GlobalSection(SolutionProperties) = preSolution
		HideSolutionNode = FALSE
	EndGlobalSection
	GlobalSection(ExtensibilityGlobals) = postSolution
		SolutionGuid = {6C19DA71-19A6-4D01-9EA6-EA1398DD16D6}
	EndGlobalSection
EndGlobal
